
Microsoft Visual Studio Solution File, Format Version 12.00
# Visual Studio Version 16
VisualStudioVersion = 16.0.31515.178
MinimumVisualStudioVersion = 10.0.40219.1
Project("{FAE04EC0-301F-11D3-BF4B-00C04F79EFBC}") = "ConnectionLess", "ConnectionLess\ConnectionLess.csproj", "{034D81CD-4CA3-4836-9BA1-7BC4D13D3184}"
EndProject
Global
	GlobalSection(SolutionConfigurationPlatforms) = preSolution
		Debug|Any CPU = Debug|Any CPU
		Release|Any CPU = Release|Any CPU
	EndGlobalSection
	GlobalSection(ProjectConfigurationPlatforms) = postSolution
		{034D81CD-4CA3-4836-9BA1-7BC4D13D3184}.Debug|Any CPU.ActiveCfg = Debug|Any CPU
		{034D81CD-4CA3-4836-9BA1-7BC4D13D3184}.Debug|Any CPU.Build.0 = Debug|Any CPU
		{034D81CD-4CA3-4836-9BA1-7BC4D13D3184}.Release|Any CPU.ActiveCfg = Release|Any CPU
		{034D81CD-4CA3-4836-9BA1-7BC4D13D3184}.Release|Any CPU.Build.0 = Release|Any CPU
	EndGlobalSection
	GlobalSection(SolutionProperties) = preSolution
		HideSolutionNode = FALSE
	EndGlobalSection
	GlobalSection(ExtensibilityGlobals) = postSolution
		SolutionGuid = {E6091825-4103-4D78-B3DD-FF45D8AD0BE8}
	EndGlobalSection
EndGlobal
